Microsoft Visual Studio Solution File, Format Version 12.00
# Visual Studio Version 17
VisualStudioVersion = 17.5.2.0
MinimumVisualStudioVersion = 10.0.40219.1
Project("{FAE04EC0-301F-11D3-BF4B-00C04F79EFBC}") = "cartesWEB", "cartesWEB.csproj", "{E54CB26B-1114-E0B6-BB31-E91A8BA70E3F}"
EndProject
Global
	GlobalSection(SolutionConfigurationPlatforms) = preSolution
		Debug|Any CPU = Debug|Any CPU
		Release|Any CPU = Release|Any CPU
	EndGlobalSection
	GlobalSection(ProjectConfigurationPlatforms) = postSolution
		{E54CB26B-1114-E0B6-BB31-E91A8BA70E3F}.Debug|Any CPU.ActiveCfg = Debug|Any CPU
		{E54CB26B-1114-E0B6-BB31-E91A8BA70E3F}.Debug|Any CPU.Build.0 = Debug|Any CPU
		{E54CB26B-1114-E0B6-BB31-E91A8BA70E3F}.Release|Any CPU.ActiveCfg = Release|Any CPU
		{E54CB26B-1114-E0B6-BB31-E91A8BA70E3F}.Release|Any CPU.Build.0 = Release|Any CPU
	EndGlobalSection
	GlobalSection(SolutionProperties) = preSolution
		HideSolutionNode = FALSE
	EndGlobalSection
	GlobalSection(ExtensibilityGlobals) = postSolution
		SolutionGuid = {04CD27EA-6503-4464-9171-F3770E894277}
	EndGlobalSection
EndGlobal
